
Microsoft Visual Studio Solution File, Format Version 12.00
# Visual Studio Version 17
VisualStudioVersion = 17.10.34902.84
MinimumVisualStudioVersion = 10.0.40219.1
Project("{FAE04EC0-301F-11D3-BF4B-00C04F79EFBC}") = "ListWhileExample", "ListWhileExample\ListWhileExample.csproj", "{410CC928-6880-4D47-9A09-8F01B30EA2EB}"
EndProject
Global
	GlobalSection(SolutionConfigurationPlatforms) = preSolution
		Debug|Any CPU = Debug|Any CPU
		Release|Any CPU = Release|Any CPU
	EndGlobalSection
	GlobalSection(ProjectConfigurationPlatforms) = postSolution
		{410CC928-6880-4D47-9A09-8F01B30EA2EB}.Debug|Any CPU.ActiveCfg = Debug|Any CPU
		{410CC928-6880-4D47-9A09-8F01B30EA2EB}.Debug|Any CPU.Build.0 = Debug|Any CPU
		{410CC928-6880-4D47-9A09-8F01B30EA2EB}.Release|Any CPU.ActiveCfg = Release|Any CPU
		{410CC928-6880-4D47-9A09-8F01B30EA2EB}.Release|Any CPU.Build.0 = Release|Any CPU
	EndGlobalSection
	GlobalSection(SolutionProperties) = preSolution
		HideSolutionNode = FALSE
	EndGlobalSection
	GlobalSection(ExtensibilityGlobals) = postSolution
		SolutionGuid = {D3B8A6DE-3EC3-46DF-B83A-27B491EC1B8D}
	EndGlobalSection
EndGlobal
